
Microsoft Visual Studio Solution File, Format Version 12.00
# Visual Studio Version 17
VisualStudioVersion = 17.3.32901.215
MinimumVisualStudioVersion = 10.0.40219.1
Project("{FAE04EC0-301F-11D3-BF4B-00C04F79EFBC}") = "Калькуоятор", "Калькуоятор\Калькуоятор.csproj", "{8CC4E3BA-A54F-48BB-B1B1-2E51BD96D893}"
EndProject
Global
	GlobalSection(SolutionConfigurationPlatforms) = preSolution
		Debug|Any CPU = Debug|Any CPU
		Release|Any CPU = Release|Any CPU
	EndGlobalSection
	GlobalSection(ProjectConfigurationPlatforms) = postSolution
		{8CC4E3BA-A54F-48BB-B1B1-2E51BD96D893}.Debug|Any CPU.ActiveCfg = Debug|Any CPU
		{8CC4E3BA-A54F-48BB-B1B1-2E51BD96D893}.Debug|Any CPU.Build.0 = Debug|Any CPU
		{8CC4E3BA-A54F-48BB-B1B1-2E51BD96D893}.Release|Any CPU.ActiveCfg = Release|Any CPU
		{8CC4E3BA-A54F-48BB-B1B1-2E51BD96D893}.Release|Any CPU.Build.0 = Release|Any CPU
	EndGlobalSection
	GlobalSection(SolutionProperties) = preSolution
		HideSolutionNode = FALSE
	EndGlobalSection
	GlobalSection(ExtensibilityGlobals) = postSolution
		SolutionGuid = {D0BDA9D3-3DC3-4720-8413-D0C3C0911DF7}
	EndGlobalSection
EndGlobal
